
Microsoft Visual Studio Solution File, Format Version 12.00
# Visual Studio Version 17
VisualStudioVersion = 17.2.32602.215
MinimumVisualStudioVersion = 10.0.40219.1
Project("{FAE04EC0-301F-11D3-BF4B-00C04F79EFBC}") = "StudyProgressManagement", "StudyProgressManagement.csproj", "{3593791A-07D1-4946-BAE3-FBF0812894AD}"
EndProject
Project("{FAE04EC0-301F-11D3-BF4B-00C04F79EFBC}") = "StudyProgressManagement.Tests", "..\StudyProgressManagement.Tests\StudyProgressManagement.Tests.csproj", "{CBC3676E-E4E4-4F66-829A-AFD645843BCE}"
EndProject
Global
	GlobalSection(SolutionConfigurationPlatforms) = preSolution
		Debug|Any CPU = Debug|Any CPU
		Release|Any CPU = Release|Any CPU
	EndGlobalSection
	GlobalSection(ProjectConfigurationPlatforms) = postSolution
		{3593791A-07D1-4946-BAE3-FBF0812894AD}.Debug|Any CPU.ActiveCfg = Debug|Any CPU
		{3593791A-07D1-4946-BAE3-FBF0812894AD}.Debug|Any CPU.Build.0 = Debug|Any CPU
		{3593791A-07D1-4946-BAE3-FBF0812894AD}.Release|Any CPU.ActiveCfg = Release|Any CPU
		{3593791A-07D1-4946-BAE3-FBF0812894AD}.Release|Any CPU.Build.0 = Release|Any CPU
		{CBC3676E-E4E4-4F66-829A-AFD645843BCE}.Debug|Any CPU.ActiveCfg = Debug|Any CPU
		{CBC3676E-E4E4-4F66-829A-AFD645843BCE}.Debug|Any CPU.Build.0 = Debug|Any CPU
		{CBC3676E-E4E4-4F66-829A-AFD645843BCE}.Release|Any CPU.ActiveCfg = Release|Any CPU
		{CBC3676E-E4E4-4F66-829A-AFD645843BCE}.Release|Any CPU.Build.0 = Release|Any CPU
	EndGlobalSection
	GlobalSection(SolutionProperties) = preSolution
		HideSolutionNode = FALSE
	EndGlobalSection
	GlobalSection(ExtensibilityGlobals) = postSolution
		SolutionGuid = {C336278D-1F29-4976-B773-F357E8D155A6}
	EndGlobalSection
EndGlobal
